
Microsoft Visual Studio Solution File, Format Version 12.00
# Visual Studio Version 16
VisualStudioVersion = 16.0.29613.14
MinimumVisualStudioVersion = 10.0.40219.1
Project("{FAE04EC0-301F-11D3-BF4B-00C04F79EFBC}") = "DropInvoker", "DropInvoker\DropInvoker.csproj", "{44D44542-62A5-4486-8069-0659C2F9668F}"
EndProject
Global
	GlobalSection(SolutionConfigurationPlatforms) = preSolution
		Debug|Any CPU = Debug|Any CPU
		Release|Any CPU = Release|Any CPU
	EndGlobalSection
	GlobalSection(ProjectConfigurationPlatforms) = postSolution
		{44D44542-62A5-4486-8069-0659C2F9668F}.Debug|Any CPU.ActiveCfg = Debug|Any CPU
		{44D44542-62A5-4486-8069-0659C2F9668F}.Debug|Any CPU.Build.0 = Debug|Any CPU
		{44D44542-62A5-4486-8069-0659C2F9668F}.Release|Any CPU.ActiveCfg = Release|Any CPU
		{44D44542-62A5-4486-8069-0659C2F9668F}.Release|Any CPU.Build.0 = Release|Any CPU
	EndGlobalSection
	GlobalSection(SolutionProperties) = preSolution
		HideSolutionNode = FALSE
	EndGlobalSection
	GlobalSection(ExtensibilityGlobals) = postSolution
		SolutionGuid = {399523E8-825A-45FE-A97F-AFE20B387845}
	EndGlobalSection
EndGlobal
